// !$*UTF8*$!
{
	archiveVersion = 1;
	classes = {
	};
	objectVersion = 46;
	objects = {

/* Begin PBXBuildFile section */
		270030681ED3068700839FAD /* Satellite-100.png in Resources */ = {isa = PBXBuildFile; fileRef = 270030671ED3068700839FAD /* Satellite-100.png */; };
		27185FF11ECED6E500E7E0D3 /* AppDelegate.swift in Sources */ = {isa = PBXBuildFile; fileRef = 27185FF01ECED6E500E7E0D3 /* AppDelegate.swift */; };
		27185FF31ECED6E500E7E0D3 /* ViewController.swift in Sources */ = {isa = PBXBuildFile; fileRef = 27185FF21ECED6E500E7E0D3 /* ViewController.swift */; };
		27185FF61ECED6E500E7E0D3 /* Main.storyboard in Resources */ = {isa = PBXBuildFile; fileRef = 27185FF41ECED6E500E7E0D3 /* Main.storyboard */; };
		27185FF81ECED6E500E7E0D3 /* Assets.xcassets in Resources */ = {isa = PBXBuildFile; fileRef = 27185FF71ECED6E500E7E0D3 /* Assets.xcassets */; };
		27185FFB1ECED6E500E7E0D3 /* LaunchScreen.storyboard in Resources */ = {isa = PBXBuildFile; fileRef = 27185FF91ECED6E500E7E0D3 /* LaunchScreen.storyboard */; };
		271860041ECED72200E7E0D3 /* MapKit.framework in Frameworks */ = {isa = PBXBuildFile; fileRef = 271860031ECED72200E7E0D3 /* MapKit.framework */; };
		2718600C1ECEE3E300E7E0D3 /* PinAnnotatins.swift in Sources */ = {isa = PBXBuildFile; fileRef = 2718600B1ECEE3E300E7E0D3 /* PinAnnotatins.swift */; };
		2718600E1ECEEA1400E7E0D3 /* Places.plist in Resources */ = {isa = PBXBuildFile; fileRef = 2718600D1ECEEA1400E7E0D3 /* Places.plist */; };
		27295DF71EFCF247008F40DE /* NEWFORTESTINGTableViewCell.swift in Sources */ = {isa = PBXBuildFile; fileRef = 27295DF61EFCF247008F40DE /* NEWFORTESTINGTableViewCell.swift */; };
/* End PBXBuildFile section */

/* Begin PBXFileReference section */
		270030671ED3068700839FAD /* Satellite-100.png */ = {isa = PBXFileReference; lastKnownFileType = image.png; path = "Satellite-100.png"; sourceTree = "<group>"; };
		27185FED1ECED6E500E7E0D3 /* settingMapkit.app */ = {isa = PBXFileReference; explicitFileType = wrapper.application; includeInIndex = 0; path = settingMapkit.app; sourceTree = BUILT_PRODUCTS_DIR; };
		27185FF01ECED6E500E7E0D3 /* AppDelegate.swift */ = {isa = PBXFileReference; lastKnownFileType = sourcecode.swift; path = AppDelegate.swift; sourceTree = "<group>"; };
		27185FF21ECED6E500E7E0D3 /* ViewController.swift */ = {isa = PBXFileReference; lastKnownFileType = sourcecode.swift; path = ViewController.swift; sourceTree = "<group>"; };
		27185FF51ECED6E500E7E0D3 /* Base */ = {isa = PBXFileReference; lastKnownFileType = file.storyboard; name = Base; path = Base.lproj/Main.storyboard; sourceTree = "<group>"; };
		27185FF71ECED6E500E7E0D3 /* Assets.xcassets */ = {isa = PBXFileReference; lastKnownFileType = folder.assetcatalog; path = Assets.xcassets; sourceTree = "<group>"; };
		27185FFA1ECED6E500E7E0D3 /* Base */ = {isa = PBXFileReference; lastKnownFileType = file.storyboard; name = Base; path = Base.lproj/LaunchScreen.storyboard; sourceTree = "<group>"; };
		27185FFC1ECED6E500E7E0D3 /* Info.plist */ = {isa = PBXFileReference; lastKnownFileType = text.plist.xml; path = Info.plist; sourceTree = "<group>"; };
		271860031ECED72200E7E0D3 /* MapKit.framework */ = {isa = PBXFileReference; lastKnownFileType = wrapper.framework; name = MapKit.framework; path = System/Library/Frameworks/MapKit.framework; sourceTree = SDKROOT; };
		2718600B1ECEE3E300E7E0D3 /* PinAnnotatins.swift */ = {isa = PBXFileReference; fileEncoding = 4; lastKnownFileType = sourcecode.swift; path = PinAnnotatins.swift; sourceTree = "<group>"; };
		2718600D1ECEEA1400E7E0D3 /* Places.plist */ = {isa = PBXFileReference; fileEncoding = 4; lastKnownFileType = text.plist.xml; path = Places.plist; sourceTree = "<group>"; };
		27295DF61EFCF247008F40DE /* NEWFORTESTINGTableViewCell.swift */ = {isa = PBXFileReference; fileEncoding = 4; lastKnownFileType = sourcecode.swift; path = NEWFORTESTINGTableViewCell.swift; sourceTree = "<group>"; };
/* End PBXFileReference section */

/* Begin PBXFrameworksBuildPhase section */
		27185FEA1ECED6E500E7E0D3 /* Frameworks */ = {
			isa = PBXFrameworksBuildPhase;
			buildActionMask = 2147483647;
			files = (
				271860041ECED72200E7E0D3 /* MapKit.framework in Frameworks */,
			);
			runOnlyForDeploymentPostprocessing = 0;
		};
/* End PBXFrameworksBuildPhase section */

/* Begin PBXGroup section */
		27185FE41ECED6E500E7E0D3 = {
			isa = PBXGroup;
			children = (
				27295DF61EFCF247008F40DE /* NEWFORTESTINGTableViewCell.swift */,
				2718600B1ECEE3E300E7E0D3 /* PinAnnotatins.swift */,
				27185FEF1ECED6E500E7E0D3 /* settingMapkit */,
				27185FEE1ECED6E500E7E0D3 /* Products */,
				271860021ECED72200E7E0D3 /* Frameworks */,
			);
			sourceTree = "<group>";
		};
		27185FEE1ECED6E500E7E0D3 /* Products */ = {
			isa = PBXGroup;
			children = (
				27185FED1ECED6E500E7E0D3 /* settingMapkit.app */,
			);
			name = Products;
			sourceTree = "<group>";
		};
		27185FEF1ECED6E500E7E0D3 /* settingMapkit */ = {
			isa = PBXGroup;
			children = (
				27185FF01ECED6E500E7E0D3 /* AppDelegate.swift */,
				27185FF21ECED6E500E7E0D3 /* ViewController.swift */,
				27185FF41ECED6E500E7E0D3 /* Main.storyboard */,
				27185FF71ECED6E500E7E0D3 /* Assets.xcassets */,
				27185FF91ECED6E500E7E0D3 /* LaunchScreen.storyboard */,
				2718600D1ECEEA1400E7E0D3 /* Places.plist */,
				27185FFC1ECED6E500E7E0D3 /* Info.plist */,
				270030671ED3068700839FAD /* Satellite-100.png */,
			);
			path = settingMapkit;
			sourceTree = "<group>";
		};
		271860021ECED72200E7E0D3 /* Frameworks */ = {
			isa = PBXGroup;
			children = (
				271860031ECED72200E7E0D3 /* MapKit.framework */,
			);
			name = Frameworks;
			sourceTree = "<group>";
		};
/* End PBXGroup section */

/* Begin PBXNativeTarget section */
		27185FEC1ECED6E500E7E0D3 /* settingMapkit */ = {
			isa = PBXNativeTarget;
			buildConfigurationList = 27185FFF1ECED6E500E7E0D3 /* Build configuration list for PBXNativeTarget "settingMapkit" */;
			buildPhases = (
				27185FE91ECED6E500E7E0D3 /* Sources */,
				27185FEA1ECED6E500E7E0D3 /* Frameworks */,
				27185FEB1ECED6E500E7E0D3 /* Resources */,
			);
			buildRules = (
			);
			dependencies = (
			);
			name = settingMapkit;
			productName = settingMapkit;
			productReference = 27185FED1ECED6E500E7E0D3 /* settingMapkit.app */;
			productType = "com.apple.product-type.application";
		};
/* End PBXNativeTarget section */

/* Begin PBXProject section */
		27185FE51ECED6E500E7E0D3 /* Project object */ = {
			isa = PBXProject;
			attributes = {
				LastSwiftUpdateCheck = 0830;
				LastUpgradeCheck = 0830;
				ORGANIZATIONNAME = "Sridevi Voleti";
				TargetAttributes = {
					27185FEC1ECED6E500E7E0D3 = {
						CreatedOnToolsVersion = 8.3.2;
						DevelopmentTeam = 8G2FXK5C72;
						ProvisioningStyle = Automatic;
						SystemCapabilities = {
							com.apple.Maps.iOS = {
								enabled = 1;
							};
						};
					};
				};
			};
			buildConfigurationList = 27185FE81ECED6E500E7E0D3 /* Build configuration list for PBXProject "settingMapkit" */;
			compatibilityVersion = "Xcode 3.2";
			developmentRegion = English;
			hasScannedForEncodings = 0;
			knownRegions = (
				en,
				Base,
			);
			mainGroup = 27185FE41ECED6E500E7E0D3;
			productRefGroup = 27185FEE1ECED6E500E7E0D3 /* Products */;
			projectDirPath = "";
			projectRoot = "";
			targets = (
				27185FEC1ECED6E500E7E0D3 /* settingMapkit */,
			);
		};
/* End PBXProject section */

/* Begin PBXResourcesBuildPhase section */
		27185FEB1ECED6E500E7E0D3 /* Resources */ = {
			isa = PBXResourcesBuildPhase;
			buildActionMask = 2147483647;
			files = (
				270030681ED3068700839FAD /* Satellite-100.png in Resources */,
				27185FFB1ECED6E500E7E0D3 /* LaunchScreen.storyboard in Resources */,
				27185FF81ECED6E500E7E0D3 /* Assets.xcassets in Resources */,
				2718600E1ECEEA1400E7E0D3 /* Places.plist in Resources */,
				27185FF61ECED6E500E7E0D3 /* Main.storyboard in Resources */,
			);
			runOnlyForDeploymentPostprocessing = 0;
		};
/* End PBXResourcesBuildPhase section */

/* Begin PBXSourcesBuildPhase section */
		27185FE91ECED6E500E7E0D3 /* Sources */ = {
			isa = PBXSourcesBuildPhase;
			buildActionMask = 2147483647;
			files = (
				27185FF31ECED6E500E7E0D3 /* ViewController.swift in Sources */,
				27185FF11ECED6E500E7E0D3 /* AppDelegate.swift in Sources */,
				27295DF71EFCF247008F40DE /* NEWFORTESTINGTableViewCell.swift in Sources */,
				2718600C1ECEE3E300E7E0D3 /* PinAnnotatins.swift in Sources */,
			);
			runOnlyForDeploymentPostprocessing = 0;
		};
/* End PBXSourcesBuildPhase section */

/* Begin PBXVariantGroup section */
		27185FF41ECED6E500E7E0D3 /* Main.storyboard */ = {
			isa = PBXVariantGroup;
			children = (
				27185FF51ECED6E500E7E0D3 /* Base */,
			);
			name = Main.storyboard;
			sourceTree = "<group>";
		};
		27185FF91ECED6E500E7E0D3 /* LaunchScreen.storyboard */ = {
			isa = PBXVariantGroup;
			children = (
				27185FFA1ECED6E500E7E0D3 /* Base */,
			);
			name = LaunchScreen.storyboard;
			sourceTree = "<group>";
		};
/* End PBXVariantGroup section */

/* Begin XCBuildConfiguration section */
		27185FFD1ECED6E500E7E0D3 /* Debug */ = {
			isa = XCBuildConfiguration;
			buildSettings = {
				ALWAYS_SEARCH_USER_PATHS = NO;
				CLANG_ANALYZER_NONNULL = YES;
				CLANG_ANALYZER_NUMBER_OBJECT_CONVERSION = YES_AGGRESSIVE;
				CLANG_CXX_LANGUAGE_STANDARD = "gnu++0x";
				CLANG_CXX_LIBRARY = "libc++";
				CLANG_ENABLE_MODULES = YES;
				CLANG_ENABLE_OBJC_ARC = YES;
				CLANG_WARN_BOOL_CONVERSION = YES;
				CLANG_WARN_CONSTANT_CONVERSION = YES;
				CLANG_WARN_DIRECT_OBJC_ISA_USAGE = YES_ERROR;
				CLANG_WARN_DOCUMENTATION_COMMENTS = YES;
				CLANG_WARN_EMPTY_BODY = YES;
				CLANG_WARN_ENUM_CONVERSION = YES;
				CLANG_WARN_INFINITE_RECURSION = YES;
				CLANG_WARN_INT_CONVERSION = YES;
				CLANG_WARN_OBJC_ROOT_CLASS = YES_ERROR;
				CLANG_WARN_SUSPICIOUS_MOVE = YES;
				CLANG_WARN_UNREACHABLE_CODE = YES;
				CLANG_WARN__DUPLICATE_METHOD_MATCH = YES;
				"CODE_SIGN_IDENTITY[sdk=iphoneos*]" = "iPhone Developer";
				COPY_PHASE_STRIP = NO;
				DEBUG_INFORMATION_FORMAT = dwarf;
				ENABLE_STRICT_OBJC_MSGSEND = YES;
				ENABLE_TESTABILITY = YES;
				GCC_C_LANGUAGE_STANDARD = gnu99;
				GCC_DYNAMIC_NO_PIC = NO;
				GCC_NO_COMMON_BLOCKS = YES;
				GCC_OPTIMIZATION_LEVEL = 0;
				GCC_PREPROCESSOR_DEFINITIONS = (
					"DEBUG=1",
					"$(inherited)",
				);
				GCC_WARN_64_TO_32_BIT_CONVERSION = YES;
				GCC_WARN_ABOUT_RETURN_TYPE = YES_ERROR;
				GCC_WARN_UNDECLARED_SELECTOR = YES;
				GCC_WARN_UNINITIALIZED_AUTOS = YES_AGGRESSIVE;
				GCC_WARN_UNUSED_FUNCTION = YES;
				GCC_WARN_UNUSED_VARIABLE = YES;
				IPHONEOS_DEPLOYMENT_TARGET = 10.3;
				MTL_ENABLE_DEBUG_INFO = YES;
				ONLY_ACTIVE_ARCH = YES;
				SDKROOT = iphoneos;
				SWIFT_ACTIVE_COMPILATION_CONDITIONS = DEBUG;
				SWIFT_OPTIMIZATION_LEVEL = "-Onone";
				TARGETED_DEVICE_FAMILY = "1,2";
			};
			name = Debug;
		};
		27185FFE1ECED6E500E7E0D3 /* Release */ = {
			isa = XCBuildConfiguration;
			buildSettings = {
				ALWAYS_SEARCH_USER_PATHS = NO;
				CLANG_ANALYZER_NONNULL = YES;
				CLANG_ANALYZER_NUMBER_OBJECT_CONVERSION = YES_AGGRESSIVE;
				CLANG_CXX_LANGUAGE_STANDARD = "gnu++0x";
				CLANG_CXX_LIBRARY = "libc++";
				CLANG_ENABLE_MODULES = YES;
				CLANG_ENABLE_OBJC_ARC = YES;
				CLANG_WARN_BOOL_CONVERSION = YES;
				CLANG_WARN_CONSTANT_CONVERSION = YES;
				CLANG_WARN_DIRECT_OBJC_ISA_USAGE = YES_ERROR;
				CLANG_WARN_DOCUMENTATION_COMMENTS = YES;
				CLANG_WARN_EMPTY_BODY = YES;
				CLANG_WARN_ENUM_CONVERSION = YES;
				CLANG_WARN_INFINITE_RECURSION = YES;
				CLANG_WARN_INT_CONVERSION = YES;
				CLANG_WARN_OBJC_ROOT_CLASS = YES_ERROR;
				CLANG_WARN_SUSPICIOUS_MOVE = YES;
				CLANG_WARN_UNREACHABLE_CODE = YES;
				CLANG_WARN__DUPLICATE_METHOD_MATCH = YES;
				"CODE_SIGN_IDENTITY[sdk=iphoneos*]" = "iPhone Developer";
				COPY_PHASE_STRIP = NO;
				DEBUG_INFORMATION_FORMAT = "dwarf-with-dsym";
				ENABLE_NS_ASSERTIONS = NO;
				ENABLE_STRICT_OBJC_MSGSEND = YES;
				GCC_C_LANGUAGE_STANDARD = gnu99;
				GCC_NO_COMMON_BLOCKS = YES;
				GCC_WARN_64_TO_32_BIT_CONVERSION = YES;
				GCC_WARN_ABOUT_RETURN_TYPE = YES_ERROR;
				GCC_WARN_UNDECLARED_SELECTOR = YES;
				GCC_WARN_UNINITIALIZED_AUTOS = YES_AGGRESSIVE;
				GCC_WARN_UNUSED_FUNCTION = YES;
				GCC_WARN_UNUSED_VARIABLE = YES;
				IPHONEOS_DEPLOYMENT_TARGET = 10.3;
				MTL_ENABLE_DEBUG_INFO = NO;
				SDKROOT = iphoneos;
				SWIFT_OPTIMIZATION_LEVEL = "-Owholemodule";
				TARGETED_DEVICE_FAMILY = "1,2";
				VALIDATE_PRODUCT = YES;
			};
			name = Release;
		};
		271860001ECED6E500E7E0D3 /* Debug */ = {
			isa = XCBuildConfiguration;
			buildSettings = {
				ASSETCATALOG_COMPILER_APPICON_NAME = AppIcon;
				DEVELOPMENT_TEAM = 8G2FXK5C72;
				INFOPLIST_FILE = settingMapkit/Info.plist;
				LD_RUNPATH_SEARCH_PATHS = "$(inherited) @executable_path/Frameworks";
				PRODUCT_BUNDLE_IDENTIFIER = praveen.settingMapkit;
				PRODUCT_NAME = "$(TARGET_NAME)";
				SWIFT_VERSION = 3.0;
			};
			name = Debug;
		};
		271860011ECED6E500E7E0D3 /* Release */ = {
			isa = XCBuildConfiguration;
			buildSettings = {
				ASSETCATALOG_COMPILER_APPICON_NAME = AppIcon;
				DEVELOPMENT_TEAM = 8G2FXK5C72;
				INFOPLIST_FILE = settingMapkit/Info.plist;
				LD_RUNPATH_SEARCH_PATHS = "$(inherited) @executable_path/Frameworks";
				PRODUCT_BUNDLE_IDENTIFIER = praveen.settingMapkit;
				PRODUCT_NAME = "$(TARGET_NAME)";
				SWIFT_VERSION = 3.0;
			};
			name = Release;
		};
/* End XCBuildConfiguration section */

/* Begin XCConfigurationList section */
		27185FE81ECED6E500E7E0D3 /* Build configuration list for PBXProject "settingMapkit" */ = {
			isa = XCConfigurationList;
			buildConfigurations = (
				27185FFD1ECED6E500E7E0D3 /* Debug */,
				27185FFE1ECED6E500E7E0D3 /* Release */,
			);
			defaultConfigurationIsVisible = 0;
			defaultConfigurationName = Release;
		};
		27185FFF1ECED6E500E7E0D3 /* Build configuration list for PBXNativeTarget "settingMapkit" */ = {
			isa = XCConfigurationList;
			buildConfigurations = (
				271860001ECED6E500E7E0D3 /* Debug */,
				271860011ECED6E500E7E0D3 /* Release */,
			);
			defaultConfigurationIsVisible = 0;
			defaultConfigurationName = Release;
		};
/* End XCConfigurationList section */
	};
	rootObject = 27185FE51ECED6E500E7E0D3 /* Project object */;
}
